Microsoft Visual Studio Solution File, Format Version 8.00
Project("{F184B08F-C81C-45F6-A57F-5ABD9991F28F}") = "RealisticNeuralNetTools", "RealisticNeuralNetTools.vbproj", "{CA9FC172-4481-43DC-8F8F-1506643B65EB}"
	ProjectSection(ProjectDependencies) = postProject
	EndProjectSection
EndProject
Global
	GlobalSection(SolutionConfiguration) = preSolution
		Debug = Debug
		Release = Release
	EndGlobalSection
	GlobalSection(ProjectConfiguration) = postSolution
		{CA9FC172-4481-43DC-8F8F-1506643B65EB}.Debug.ActiveCfg = Debug|.NET
		{CA9FC172-4481-43DC-8F8F-1506643B65EB}.Debug.Build.0 = Debug|.NET
		{CA9FC172-4481-43DC-8F8F-1506643B65EB}.Release.ActiveCfg = Release|.NET
		{CA9FC172-4481-43DC-8F8F-1506643B65EB}.Release.Build.0 = Release|.NET
	EndGlobalSection
	GlobalSection(ExtensibilityGlobals) = postSolution
	EndGlobalSection
	GlobalSection(ExtensibilityAddIns) = postSolution
	EndGlobalSection
EndGlobal
